
Microsoft Visual Studio Solution File, Format Version 12.00
# Visual Studio 15
VisualStudioVersion = 15.0.26228.9
MinimumVisualStudioVersion = 10.0.40219.1
Project("{FAE04EC0-301F-11D3-BF4B-00C04F79EFBC}") = "MusicStore.Entities", "MusicStore.Entities\MusicStore.Entities.csproj", "{661595FE-F1B9-4806-9857-8F2852A42B49}"
EndProject
Project("{FAE04EC0-301F-11D3-BF4B-00C04F79EFBC}") = "MusicStore.DAL", "MusicStore.DAL\MusicStore.DAL.csproj", "{6C4D15BF-EB4F-4C6B-8138-7936BAE06376}"
EndProject
Project("{FAE04EC0-301F-11D3-BF4B-00C04F79EFBC}") = "MusicStore.WEB", "MusicStore.WEB\MusicStore.WEB.csproj", "{1C915B01-8972-4450-9B41-64109B453C15}"
EndProject
Global
	GlobalSection(SolutionConfigurationPlatforms) = preSolution
		Debug|Any CPU = Debug|Any CPU
		Release|Any CPU = Release|Any CPU
	EndGlobalSection
	GlobalSection(ProjectConfigurationPlatforms) = postSolution
		{661595FE-F1B9-4806-9857-8F2852A42B49}.Debug|Any CPU.ActiveCfg = Debug|Any CPU
		{661595FE-F1B9-4806-9857-8F2852A42B49}.Debug|Any CPU.Build.0 = Debug|Any CPU
		{661595FE-F1B9-4806-9857-8F2852A42B49}.Release|Any CPU.ActiveCfg = Release|Any CPU
		{661595FE-F1B9-4806-9857-8F2852A42B49}.Release|Any CPU.Build.0 = Release|Any CPU
		{6C4D15BF-EB4F-4C6B-8138-7936BAE06376}.Debug|Any CPU.ActiveCfg = Debug|Any CPU
		{6C4D15BF-EB4F-4C6B-8138-7936BAE06376}.Debug|Any CPU.Build.0 = Debug|Any CPU
		{6C4D15BF-EB4F-4C6B-8138-7936BAE06376}.Release|Any CPU.ActiveCfg = Release|Any CPU
		{6C4D15BF-EB4F-4C6B-8138-7936BAE06376}.Release|Any CPU.Build.0 = Release|Any CPU
		{1C915B01-8972-4450-9B41-64109B453C15}.Debug|Any CPU.ActiveCfg = Debug|Any CPU
		{1C915B01-8972-4450-9B41-64109B453C15}.Debug|Any CPU.Build.0 = Debug|Any CPU
		{1C915B01-8972-4450-9B41-64109B453C15}.Release|Any CPU.ActiveCfg = Release|Any CPU
		{1C915B01-8972-4450-9B41-64109B453C15}.Release|Any CPU.Build.0 = Release|Any CPU
	EndGlobalSection
	GlobalSection(SolutionProperties) = preSolution
		HideSolutionNode = FALSE
	EndGlobalSection
EndGlobal
